
Microsoft Visual Studio Solution File, Format Version 12.00
# Visual Studio Version 17
VisualStudioVersion = 17.9.34728.123
MinimumVisualStudioVersion = 10.0.40219.1
Project("{FAE04EC0-301F-11D3-BF4B-00C04F79EFBC}") = "CMCS_PROG6212_POE", "CMCS_PROG6212_POE.csproj", "{45E54AAA-AE77-4BE2-8D7B-D4522EF3FBF2}"
EndProject
Global
	GlobalSection(SolutionConfigurationPlatforms) = preSolution
		Debug|Any CPU = Debug|Any CPU
		Release|Any CPU = Release|Any CPU
	EndGlobalSection
	GlobalSection(ProjectConfigurationPlatforms) = postSolution
		{45E54AAA-AE77-4BE2-8D7B-D4522EF3FBF2}.Debug|Any CPU.ActiveCfg = Debug|Any CPU
		{45E54AAA-AE77-4BE2-8D7B-D4522EF3FBF2}.Debug|Any CPU.Build.0 = Debug|Any CPU
		{45E54AAA-AE77-4BE2-8D7B-D4522EF3FBF2}.Release|Any CPU.ActiveCfg = Release|Any CPU
		{45E54AAA-AE77-4BE2-8D7B-D4522EF3FBF2}.Release|Any CPU.Build.0 = Release|Any CPU
	EndGlobalSection
	GlobalSection(SolutionProperties) = preSolution
		HideSolutionNode = FALSE
	EndGlobalSection
	GlobalSection(ExtensibilityGlobals) = postSolution
		SolutionGuid = {1FA13C5F-C0D7-465F-83CF-9F2C54752098}
	EndGlobalSection
EndGlobal
